
Microsoft Visual Studio Solution File, Format Version 12.00
# Visual Studio Version 16
VisualStudioVersion = 16.0.28803.202
MinimumVisualStudioVersion = 10.0.40219.1
Project("{FAE04EC0-301F-11D3-BF4B-00C04F79EFBC}") = "[SKYNET] Ubiquity Tools", "Ubiquity Compliance Test Tools\[SKYNET] Ubiquity Tools.csproj", "{9FA596B1-0E20-4531-B884-C44493B3FDD9}"
EndProject
Project("{FAE04EC0-301F-11D3-BF4B-00C04F79EFBC}") = "[SKYNET] DeviceView", "DeviceView\[SKYNET] DeviceView.csproj", "{F12E32DE-AD1F-43AC-9EC7-F84C2B39D2E8}"
EndProject
Global
	GlobalSection(SolutionConfigurationPlatforms) = preSolution
		Debug|Any CPU = Debug|Any CPU
		Release|Any CPU = Release|Any CPU
	EndGlobalSection
	GlobalSection(ProjectConfigurationPlatforms) = postSolution
		{9FA596B1-0E20-4531-B884-C44493B3FDD9}.Debug|Any CPU.ActiveCfg = Debug|Any CPU
		{9FA596B1-0E20-4531-B884-C44493B3FDD9}.Debug|Any CPU.Build.0 = Debug|Any CPU
		{9FA596B1-0E20-4531-B884-C44493B3FDD9}.Release|Any CPU.ActiveCfg = Release|Any CPU
		{9FA596B1-0E20-4531-B884-C44493B3FDD9}.Release|Any CPU.Build.0 = Release|Any CPU
		{F12E32DE-AD1F-43AC-9EC7-F84C2B39D2E8}.Debug|Any CPU.ActiveCfg = Debug|Any CPU
		{F12E32DE-AD1F-43AC-9EC7-F84C2B39D2E8}.Debug|Any CPU.Build.0 = Debug|Any CPU
		{F12E32DE-AD1F-43AC-9EC7-F84C2B39D2E8}.Release|Any CPU.ActiveCfg = Release|Any CPU
		{F12E32DE-AD1F-43AC-9EC7-F84C2B39D2E8}.Release|Any CPU.Build.0 = Release|Any CPU
	EndGlobalSection
	GlobalSection(SolutionProperties) = preSolution
		HideSolutionNode = FALSE
	EndGlobalSection
	GlobalSection(ExtensibilityGlobals) = postSolution
		SolutionGuid = {53011CDE-2ECB-4FFF-BE56-697093AF81C8}
	EndGlobalSection
EndGlobal
